
Microsoft Visual Studio Solution File, Format Version 12.00
# Visual Studio 15
VisualStudioVersion = 15.0.26124.0
MinimumVisualStudioVersion = 15.0.26124.0
Project("{2150E333-8FDC-42A3-9474-1A3956D46DE8}") = "src", "src", "{595B469A-8BC7-4F89-A155-31ED34F1965F}"
EndProject
Project("{FAE04EC0-301F-11D3-BF4B-00C04F79EFBC}") = "CommandAPI", "src\CommandAPI\CommandAPI.csproj", "{CAB9A114-2111-40E4-B5B7-CEE27F0FB450}"
EndProject
Project("{2150E333-8FDC-42A3-9474-1A3956D46DE8}") = "test", "test", "{5C283F2D-2955-4078-A187-62B017DA2BF9}"
EndProject
Project("{FAE04EC0-301F-11D3-BF4B-00C04F79EFBC}") = "CommandAPI.Tests", "test\CommandAPI.Tests\CommandAPI.Tests.csproj", "{88F1BDB9-7BE4-4D40-B9FF-26C19F97D08C}"
EndProject
Global
	GlobalSection(SolutionConfigurationPlatforms) = preSolution
		Debug|Any CPU = Debug|Any CPU
		Debug|x64 = Debug|x64
		Debug|x86 = Debug|x86
		Release|Any CPU = Release|Any CPU
		Release|x64 = Release|x64
		Release|x86 = Release|x86
	EndGlobalSection
	GlobalSection(SolutionProperties) = preSolution
		HideSolutionNode = FALSE
	EndGlobalSection
	GlobalSection(ProjectConfigurationPlatforms) = postSolution
		{CAB9A114-2111-40E4-B5B7-CEE27F0FB450}.Debug|Any CPU.ActiveCfg = Debug|Any CPU
		{CAB9A114-2111-40E4-B5B7-CEE27F0FB450}.Debug|Any CPU.Build.0 = Debug|Any CPU
		{CAB9A114-2111-40E4-B5B7-CEE27F0FB450}.Debug|x64.ActiveCfg = Debug|Any CPU
		{CAB9A114-2111-40E4-B5B7-CEE27F0FB450}.Debug|x64.Build.0 = Debug|Any CPU
		{CAB9A114-2111-40E4-B5B7-CEE27F0FB450}.Debug|x86.ActiveCfg = Debug|Any CPU
		{CAB9A114-2111-40E4-B5B7-CEE27F0FB450}.Debug|x86.Build.0 = Debug|Any CPU
		{CAB9A114-2111-40E4-B5B7-CEE27F0FB450}.Release|Any CPU.ActiveCfg = Release|Any CPU
		{CAB9A114-2111-40E4-B5B7-CEE27F0FB450}.Release|Any CPU.Build.0 = Release|Any CPU
		{CAB9A114-2111-40E4-B5B7-CEE27F0FB450}.Release|x64.ActiveCfg = Release|Any CPU
		{CAB9A114-2111-40E4-B5B7-CEE27F0FB450}.Release|x64.Build.0 = Release|Any CPU
		{CAB9A114-2111-40E4-B5B7-CEE27F0FB450}.Release|x86.ActiveCfg = Release|Any CPU
		{CAB9A114-2111-40E4-B5B7-CEE27F0FB450}.Release|x86.Build.0 = Release|Any CPU
		{88F1BDB9-7BE4-4D40-B9FF-26C19F97D08C}.Debug|Any CPU.ActiveCfg = Debug|Any CPU
		{88F1BDB9-7BE4-4D40-B9FF-26C19F97D08C}.Debug|Any CPU.Build.0 = Debug|Any CPU
		{88F1BDB9-7BE4-4D40-B9FF-26C19F97D08C}.Debug|x64.ActiveCfg = Debug|Any CPU
		{88F1BDB9-7BE4-4D40-B9FF-26C19F97D08C}.Debug|x64.Build.0 = Debug|Any CPU
		{88F1BDB9-7BE4-4D40-B9FF-26C19F97D08C}.Debug|x86.ActiveCfg = Debug|Any CPU
		{88F1BDB9-7BE4-4D40-B9FF-26C19F97D08C}.Debug|x86.Build.0 = Debug|Any CPU
		{88F1BDB9-7BE4-4D40-B9FF-26C19F97D08C}.Release|Any CPU.ActiveCfg = Release|Any CPU
		{88F1BDB9-7BE4-4D40-B9FF-26C19F97D08C}.Release|Any CPU.Build.0 = Release|Any CPU
		{88F1BDB9-7BE4-4D40-B9FF-26C19F97D08C}.Release|x64.ActiveCfg = Release|Any CPU
		{88F1BDB9-7BE4-4D40-B9FF-26C19F97D08C}.Release|x64.Build.0 = Release|Any CPU
		{88F1BDB9-7BE4-4D40-B9FF-26C19F97D08C}.Release|x86.ActiveCfg = Release|Any CPU
		{88F1BDB9-7BE4-4D40-B9FF-26C19F97D08C}.Release|x86.Build.0 = Release|Any CPU
	EndGlobalSection
	GlobalSection(NestedProjects) = preSolution
		{CAB9A114-2111-40E4-B5B7-CEE27F0FB450} = {595B469A-8BC7-4F89-A155-31ED34F1965F}
		{88F1BDB9-7BE4-4D40-B9FF-26C19F97D08C} = {5C283F2D-2955-4078-A187-62B017DA2BF9}
	EndGlobalSection
EndGlobal
